
Microsoft Visual Studio Solution File, Format Version 12.00
# Visual Studio Version 17
VisualStudioVersion = 17.5.33530.505
MinimumVisualStudioVersion = 10.0.40219.1
Project("{FAE04EC0-301F-11D3-BF4B-00C04F79EFBC}") = "NET22-WebApp", "NET22-WebApp\NET22-WebApp.csproj", "{0EB84FD3-FFCA-489D-B3C1-FF6C6BC0AF37}"
EndProject
Project("{FAE04EC0-301F-11D3-BF4B-00C04F79EFBC}") = "NET22-WebAppTest", "TestProject1\NET22-WebAppTest.csproj", "{B5C07C1A-58A6-4D05-8BFE-BFB310A0A86A}"
EndProject
Global
	GlobalSection(SolutionConfigurationPlatforms) = preSolution
		Debug|Any CPU = Debug|Any CPU
		Release|Any CPU = Release|Any CPU
	EndGlobalSection
	GlobalSection(ProjectConfigurationPlatforms) = postSolution
		{0EB84FD3-FFCA-489D-B3C1-FF6C6BC0AF37}.Debug|Any CPU.ActiveCfg = Debug|Any CPU
		{0EB84FD3-FFCA-489D-B3C1-FF6C6BC0AF37}.Debug|Any CPU.Build.0 = Debug|Any CPU
		{0EB84FD3-FFCA-489D-B3C1-FF6C6BC0AF37}.Release|Any CPU.ActiveCfg = Release|Any CPU
		{0EB84FD3-FFCA-489D-B3C1-FF6C6BC0AF37}.Release|Any CPU.Build.0 = Release|Any CPU
		{B5C07C1A-58A6-4D05-8BFE-BFB310A0A86A}.Debug|Any CPU.ActiveCfg = Debug|Any CPU
		{B5C07C1A-58A6-4D05-8BFE-BFB310A0A86A}.Debug|Any CPU.Build.0 = Debug|Any CPU
		{B5C07C1A-58A6-4D05-8BFE-BFB310A0A86A}.Release|Any CPU.ActiveCfg = Release|Any CPU
		{B5C07C1A-58A6-4D05-8BFE-BFB310A0A86A}.Release|Any CPU.Build.0 = Release|Any CPU
	EndGlobalSection
	GlobalSection(SolutionProperties) = preSolution
		HideSolutionNode = FALSE
	EndGlobalSection
	GlobalSection(ExtensibilityGlobals) = postSolution
		SolutionGuid = {E71DC53F-5CDE-4A80-9334-DAF8185F0A75}
	EndGlobalSection
EndGlobal
